
Microsoft Visual Studio Solution File, Format Version 12.00
# Visual Studio Version 16
VisualStudioVersion = 16.0.31605.320
MinimumVisualStudioVersion = 10.0.40219.1
Project("{FAE04EC0-301F-11D3-BF4B-00C04F79EFBC}") = "VirtualClassroom", "VirtualClassroom.csproj", "{A76CD556-FEB2-447E-9F4E-E6733035F632}"
EndProject
Global
	GlobalSection(SolutionConfigurationPlatforms) = preSolution
		Debug|Any CPU = Debug|Any CPU
		Release|Any CPU = Release|Any CPU
	EndGlobalSection
	GlobalSection(ProjectConfigurationPlatforms) = postSolution
		{A76CD556-FEB2-447E-9F4E-E6733035F632}.Debug|Any CPU.ActiveCfg = Debug|Any CPU
		{A76CD556-FEB2-447E-9F4E-E6733035F632}.Debug|Any CPU.Build.0 = Debug|Any CPU
		{A76CD556-FEB2-447E-9F4E-E6733035F632}.Release|Any CPU.ActiveCfg = Release|Any CPU
		{A76CD556-FEB2-447E-9F4E-E6733035F632}.Release|Any CPU.Build.0 = Release|Any CPU
	EndGlobalSection
	GlobalSection(SolutionProperties) = preSolution
		HideSolutionNode = FALSE
	EndGlobalSection
	GlobalSection(ExtensibilityGlobals) = postSolution
		SolutionGuid = {0BD4A5D1-F6C3-40B4-A9D5-3C6EE97AEE00}
	EndGlobalSection
EndGlobal
